// !$*UTF8*$!
{
	archiveVersion = 1;
	classes = {
	};
	objectVersion = 46;
	objects = {

/* Begin PBXBuildFile section */
		A49F0FEE1D4CB5BE003EA76E /* main.m in Sources */ = {isa = PBXBuildFile; fileRef = A49F0FED1D4CB5BE003EA76E /* main.m */; };
		A49F0FF11D4CB5BE003EA76E /* AppDelegate.m in Sources */ = {isa = PBXBuildFile; fileRef = A49F0FF01D4CB5BE003EA76E /* AppDelegate.m */; };
		A49F0FF41D4CB5BE003EA76E /* ViewController.m in Sources */ = {isa = PBXBuildFile; fileRef = A49F0FF31D4CB5BE003EA76E /* ViewController.m */; };
		A49F0FF71D4CB5BE003EA76E /* Main.storyboard in Resources */ = {isa = PBXBuildFile; fileRef = A49F0FF51D4CB5BE003EA76E /* Main.storyboard */; };
		A49F0FF91D4CB5BE003EA76E /* Assets.xcassets in Resources */ = {isa = PBXBuildFile; fileRef = A49F0FF81D4CB5BE003EA76E /* Assets.xcassets */; };
		A49F0FFC1D4CB5BE003EA76E /* LaunchScreen.storyboard in Resources */ = {isa = PBXBuildFile; fileRef = A49F0FFA1D4CB5BE003EA76E /* LaunchScreen.storyboard */; };
/* End PBXBuildFile section */

/* Begin PBXFileReference section */
		A49F0FE91D4CB5BE003EA76E /* TableHeaderUpdate.app */ = {isa = PBXFileReference; explicitFileType = wrapper.application; includeInIndex = 0; path = TableHeaderUpdate.app; sourceTree = BUILT_PRODUCTS_DIR; };
		A49F0FED1D4CB5BE003EA76E /* main.m */ = {isa = PBXFileReference; lastKnownFileType = sourcecode.c.objc; path = main.m; sourceTree = "<group>"; };
		A49F0FEF1D4CB5BE003EA76E /* AppDelegate.h */ = {isa = PBXFileReference; lastKnownFileType = sourcecode.c.h; path = AppDelegate.h; sourceTree = "<group>"; };
		A49F0FF01D4CB5BE003EA76E /* AppDelegate.m */ = {isa = PBXFileReference; lastKnownFileType = sourcecode.c.objc; path = AppDelegate.m; sourceTree = "<group>"; };
		A49F0FF21D4CB5BE003EA76E /* ViewController.h */ = {isa = PBXFileReference; lastKnownFileType = sourcecode.c.h; path = ViewController.h; sourceTree = "<group>"; };
		A49F0FF31D4CB5BE003EA76E /* ViewController.m */ = {isa = PBXFileReference; lastKnownFileType = sourcecode.c.objc; path = ViewController.m; sourceTree = "<group>"; };
		A49F0FF61D4CB5BE003EA76E /* Base */ = {isa = PBXFileReference; lastKnownFileType = file.storyboard; name = Base; path = Base.lproj/Main.storyboard; sourceTree = "<group>"; };
		A49F0FF81D4CB5BE003EA76E /* Assets.xcassets */ = {isa = PBXFileReference; lastKnownFileType = folder.assetcatalog; path = Assets.xcassets; sourceTree = "<group>"; };
		A49F0FFB1D4CB5BE003EA76E /* Base */ = {isa = PBXFileReference; lastKnownFileType = file.storyboard; name = Base; path = Base.lproj/LaunchScreen.storyboard; sourceTree = "<group>"; };
		A49F0FFD1D4CB5BE003EA76E /* Info.plist */ = {isa = PBXFileReference; lastKnownFileType = text.plist.xml; path = Info.plist; sourceTree = "<group>"; };
/* End PBXFileReference section */

/* Begin PBXFrameworksBuildPhase section */
		A49F0FE61D4CB5BE003EA76E /* Frameworks */ = {
			isa = PBXFrameworksBuildPhase;
			buildActionMask = 2147483647;
			files = (
			);
			runOnlyForDeploymentPostprocessing = 0;
		};
/* End PBXFrameworksBuildPhase section */

/* Begin PBXGroup section */
		A49F0FE01D4CB5BE003EA76E = {
			isa = PBXGroup;
			children = (
				A49F0FEB1D4CB5BE003EA76E /* TableHeaderUpdate */,
				A49F0FEA1D4CB5BE003EA76E /* Products */,
			);
			sourceTree = "<group>";
		};
		A49F0FEA1D4CB5BE003EA76E /* Products */ = {
			isa = PBXGroup;
			children = (
				A49F0FE91D4CB5BE003EA76E /* TableHeaderUpdate.app */,
			);
			name = Products;
			sourceTree = "<group>";
		};
		A49F0FEB1D4CB5BE003EA76E /* TableHeaderUpdate */ = {
			isa = PBXGroup;
			children = (
				A49F0FEF1D4CB5BE003EA76E /* AppDelegate.h */,
				A49F0FF01D4CB5BE003EA76E /* AppDelegate.m */,
				A49F0FF21D4CB5BE003EA76E /* ViewController.h */,
				A49F0FF31D4CB5BE003EA76E /* ViewController.m */,
				A49F0FF51D4CB5BE003EA76E /* Main.storyboard */,
				A49F0FF81D4CB5BE003EA76E /* Assets.xcassets */,
				A49F0FFA1D4CB5BE003EA76E /* LaunchScreen.storyboard */,
				A49F0FFD1D4CB5BE003EA76E /* Info.plist */,
				A49F0FEC1D4CB5BE003EA76E /* Supporting Files */,
			);
			path = TableHeaderUpdate;
			sourceTree = "<group>";
		};
		A49F0FEC1D4CB5BE003EA76E /* Supporting Files */ = {
			isa = PBXGroup;
			children = (
				A49F0FED1D4CB5BE003EA76E /* main.m */,
			);
			name = "Supporting Files";
			sourceTree = "<group>";
		};
/* End PBXGroup section */

/* Begin PBXNativeTarget section */
		A49F0FE81D4CB5BE003EA76E /* TableHeaderUpdate */ = {
			isa = PBXNativeTarget;
			buildConfigurationList = A49F10001D4CB5BE003EA76E /* Build configuration list for PBXNativeTarget "TableHeaderUpdate" */;
			buildPhases = (
				A49F0FE51D4CB5BE003EA76E /* Sources */,
				A49F0FE61D4CB5BE003EA76E /* Frameworks */,
				A49F0FE71D4CB5BE003EA76E /* Resources */,
			);
			buildRules = (
			);
			dependencies = (
			);
			name = TableHeaderUpdate;
			productName = TableHeaderUpdate;
			productReference = A49F0FE91D4CB5BE003EA76E /* TableHeaderUpdate.app */;
			productType = "com.apple.product-type.application";
		};
/* End PBXNativeTarget section */

/* Begin PBXProject section */
		A49F0FE11D4CB5BE003EA76E /* Project object */ = {
			isa = PBXProject;
			attributes = {
				LastUpgradeCheck = 0730;
				ORGANIZATIONNAME = noveleven;
				TargetAttributes = {
					A49F0FE81D4CB5BE003EA76E = {
						CreatedOnToolsVersion = 7.3.1;
						DevelopmentTeam = HP9P87D938;
					};
				};
			};
			buildConfigurationList = A49F0FE41D4CB5BE003EA76E /* Build configuration list for PBXProject "TableHeaderUpdate" */;
			compatibilityVersion = "Xcode 3.2";
			developmentRegion = English;
			hasScannedForEncodings = 0;
			knownRegions = (
				en,
				Base,
			);
			mainGroup = A49F0FE01D4CB5BE003EA76E;
			productRefGroup = A49F0FEA1D4CB5BE003EA76E /* Products */;
			projectDirPath = "";
			projectRoot = "";
			targets = (
				A49F0FE81D4CB5BE003EA76E /* TableHeaderUpdate */,
			);
		};
/* End PBXProject section */

/* Begin PBXResourcesBuildPhase section */
		A49F0FE71D4CB5BE003EA76E /* Resources */ = {
			isa = PBXResourcesBuildPhase;
			buildActionMask = 2147483647;
			files = (
				A49F0FFC1D4CB5BE003EA76E /* LaunchScreen.storyboard in Resources */,
				A49F0FF91D4CB5BE003EA76E /* Assets.xcassets in Resources */,
				A49F0FF71D4CB5BE003EA76E /* Main.storyboard in Resources */,
			);
			runOnlyForDeploymentPostprocessing = 0;
		};
/* End PBXResourcesBuildPhase section */

/* Begin PBXSourcesBuildPhase section */
		A49F0FE51D4CB5BE003EA76E /* Sources */ = {
			isa = PBXSourcesBuildPhase;
			buildActionMask = 2147483647;
			files = (
				A49F0FF41D4CB5BE003EA76E /* ViewController.m in Sources */,
				A49F0FF11D4CB5BE003EA76E /* AppDelegate.m in Sources */,
				A49F0FEE1D4CB5BE003EA76E /* main.m in Sources */,
			);
			runOnlyForDeploymentPostprocessing = 0;
		};
/* End PBXSourcesBuildPhase section */

/* Begin PBXVariantGroup section */
		A49F0FF51D4CB5BE003EA76E /* Main.storyboard */ = {
			isa = PBXVariantGroup;
			children = (
				A49F0FF61D4CB5BE003EA76E /* Base */,
			);
			name = Main.storyboard;
			sourceTree = "<group>";
		};
		A49F0FFA1D4CB5BE003EA76E /* LaunchScreen.storyboard */ = {
			isa = PBXVariantGroup;
			children = (
				A49F0FFB1D4CB5BE003EA76E /* Base */,
			);
			name = LaunchScreen.storyboard;
			sourceTree = "<group>";
		};
/* End PBXVariantGroup section */

/* Begin XCBuildConfiguration section */
		A49F0FFE1D4CB5BE003EA76E /* Debug */ = {
			isa = XCBuildConfiguration;
			buildSettings = {
				ALWAYS_SEARCH_USER_PATHS = NO;
				CLANG_ANALYZER_NONNULL = YES;
				CLANG_CXX_LANGUAGE_STANDARD = "gnu++0x";
				CLANG_CXX_LIBRARY = "libc++";
				CLANG_ENABLE_MODULES = YES;
				CLANG_ENABLE_OBJC_ARC = YES;
				CLANG_WARN_BOOL_CONVERSION = YES;
				CLANG_WARN_CONSTANT_CONVERSION = YES;
				CLANG_WARN_DIRECT_OBJC_ISA_USAGE = YES_ERROR;
				CLANG_WARN_EMPTY_BODY = YES;
				CLANG_WARN_ENUM_CONVERSION = YES;
				CLANG_WARN_INT_CONVERSION = YES;
				CLANG_WARN_OBJC_ROOT_CLASS = YES_ERROR;
				CLANG_WARN_UNREACHABLE_CODE = YES;
				CLANG_WARN__DUPLICATE_METHOD_MATCH = YES;
				"CODE_SIGN_IDENTITY[sdk=iphoneos*]" = "iPhone Developer";
				COPY_PHASE_STRIP = NO;
				DEBUG_INFORMATION_FORMAT = dwarf;
				ENABLE_STRICT_OBJC_MSGSEND = YES;
				ENABLE_TESTABILITY = YES;
				GCC_C_LANGUAGE_STANDARD = gnu99;
				GCC_DYNAMIC_NO_PIC = NO;
				GCC_NO_COMMON_BLOCKS = YES;
				GCC_OPTIMIZATION_LEVEL = 0;
				GCC_PREPROCESSOR_DEFINITIONS = (
					"DEBUG=1",
					"$(inherited)",
				);
				GCC_WARN_64_TO_32_BIT_CONVERSION = YES;
				GCC_WARN_ABOUT_RETURN_TYPE = YES_ERROR;
				GCC_WARN_UNDECLARED_SELECTOR = YES;
				GCC_WARN_UNINITIALIZED_AUTOS = YES_AGGRESSIVE;
				GCC_WARN_UNUSED_FUNCTION = YES;
				GCC_WARN_UNUSED_VARIABLE = YES;
				IPHONEOS_DEPLOYMENT_TARGET = 9.3;
				MTL_ENABLE_DEBUG_INFO = YES;
				ONLY_ACTIVE_ARCH = YES;
				SDKROOT = iphoneos;
			};
			name = Debug;
		};
		A49F0FFF1D4CB5BE003EA76E /* Release */ = {
			isa = XCBuildConfiguration;
			buildSettings = {
				ALWAYS_SEARCH_USER_PATHS = NO;
				CLANG_ANALYZER_NONNULL = YES;
				CLANG_CXX_LANGUAGE_STANDARD = "gnu++0x";
				CLANG_CXX_LIBRARY = "libc++";
				CLANG_ENABLE_MODULES = YES;
				CLANG_ENABLE_OBJC_ARC = YES;
				CLANG_WARN_BOOL_CONVERSION = YES;
				CLANG_WARN_CONSTANT_CONVERSION = YES;
				CLANG_WARN_DIRECT_OBJC_ISA_USAGE = YES_ERROR;
				CLANG_WARN_EMPTY_BODY = YES;
				CLANG_WARN_ENUM_CONVERSION = YES;
				CLANG_WARN_INT_CONVERSION = YES;
				CLANG_WARN_OBJC_ROOT_CLASS = YES_ERROR;
				CLANG_WARN_UNREACHABLE_CODE = YES;
				CLANG_WARN__DUPLICATE_METHOD_MATCH = YES;
				"CODE_SIGN_IDENTITY[sdk=iphoneos*]" = "iPhone Developer";
				COPY_PHASE_STRIP = NO;
				DEBUG_INFORMATION_FORMAT = "dwarf-with-dsym";
				ENABLE_NS_ASSERTIONS = NO;
				ENABLE_STRICT_OBJC_MSGSEND = YES;
				GCC_C_LANGUAGE_STANDARD = gnu99;
				GCC_NO_COMMON_BLOCKS = YES;
				GCC_WARN_64_TO_32_BIT_CONVERSION = YES;
				GCC_WARN_ABOUT_RETURN_TYPE = YES_ERROR;
				GCC_WARN_UNDECLARED_SELECTOR = YES;
				GCC_WARN_UNINITIALIZED_AUTOS = YES_AGGRESSIVE;
				GCC_WARN_UNUSED_FUNCTION = YES;
				GCC_WARN_UNUSED_VARIABLE = YES;
				IPHONEOS_DEPLOYMENT_TARGET = 9.3;
				MTL_ENABLE_DEBUG_INFO = NO;
				SDKROOT = iphoneos;
				VALIDATE_PRODUCT = YES;
			};
			name = Release;
		};
		A49F10011D4CB5BE003EA76E /* Debug */ = {
			isa = XCBuildConfiguration;
			buildSettings = {
				ASSETCATALOG_COMPILER_APPICON_NAME = AppIcon;
				INFOPLIST_FILE = TableHeaderUpdate/Info.plist;
				LD_RUNPATH_SEARCH_PATHS = "$(inherited) @executable_path/Frameworks";
				PRODUCT_BUNDLE_IDENTIFIER = com.noveleven.TableHeaderUpdate;
				PRODUCT_NAME = "$(TARGET_NAME)";
			};
			name = Debug;
		};
		A49F10021D4CB5BE003EA76E /* Release */ = {
			isa = XCBuildConfiguration;
			buildSettings = {
				ASSETCATALOG_COMPILER_APPICON_NAME = AppIcon;
				INFOPLIST_FILE = TableHeaderUpdate/Info.plist;
				LD_RUNPATH_SEARCH_PATHS = "$(inherited) @executable_path/Frameworks";
				PRODUCT_BUNDLE_IDENTIFIER = com.noveleven.TableHeaderUpdate;
				PRODUCT_NAME = "$(TARGET_NAME)";
			};
			name = Release;
		};
/* End XCBuildConfiguration section */

/* Begin XCConfigurationList section */
		A49F0FE41D4CB5BE003EA76E /* Build configuration list for PBXProject "TableHeaderUpdate" */ = {
			isa = XCConfigurationList;
			buildConfigurations = (
				A49F0FFE1D4CB5BE003EA76E /* Debug */,
				A49F0FFF1D4CB5BE003EA76E /* Release */,
			);
			defaultConfigurationIsVisible = 0;
			defaultConfigurationName = Release;
		};
		A49F10001D4CB5BE003EA76E /* Build configuration list for PBXNativeTarget "TableHeaderUpdate" */ = {
			isa = XCConfigurationList;
			buildConfigurations = (
				A49F10011D4CB5BE003EA76E /* Debug */,
				A49F10021D4CB5BE003EA76E /* Release */,
			);
			defaultConfigurationIsVisible = 0;
		};
/* End XCConfigurationList section */
	};
	rootObject = A49F0FE11D4CB5BE003EA76E /* Project object */;
}
